{
  "object": {
    "pins": [
      {
        "package": "Alamofire",
        "repositoryURL": "https://github.com/Alamofire/Alamofire",
        "state": {
          "branch": null,
          "revision": "eaf6e622dd41b07b251d8f01752eab31bc811493",
          "version": "5.4.1"
        }
      },
      {
        "package": "Facebook",
        "repositoryURL": "https://github.com/facebook/facebook-ios-sdk",
        "state": {
          "branch": null,
          "revision": "e14f349945ba3f9516e3292107f42be19fe9fbe5",
          "version": "12.3.2"
        }
      },
      {
        "package": "Watermark",
        "repositoryURL": "https://git.sishemi.com/ios-libs/Watermark.git",
        "state": {
          "branch": "master",
          "revision": "fd90466a9a0607921a0866042656b8b954f5c450",
          "version": null
        }
      }
    ]
  },
  "version": 1
}
